
Microsoft Visual Studio Solution File, Format Version 12.00
# Visual Studio Version 17
VisualStudioVersion = 17.12.35527.113 d17.12
MinimumVisualStudioVersion = 10.0.40219.1
Project("{FAE04EC0-301F-11D3-BF4B-00C04F79EFBC}") = "InnoClinic.Services.API", "InnoClinic.Services.API\InnoClinic.Services.API.csproj", "{6B20E2A8-FE73-4B08-B07F-8E748531DF2B}"
EndProject
Project("{FAE04EC0-301F-11D3-BF4B-00C04F79EFBC}") = "InnoClinic.Services.Core", "InnoClinic.Services.Core\InnoClinic.Services.Core.csproj", "{ED81A1C8-7714-4703-9E0B-EB2B9FB16A4D}"
EndProject
Project("{FAE04EC0-301F-11D3-BF4B-00C04F79EFBC}") = "InnoClinic.Services.DataAccess", "InnoClinic.Services.DataAccess\InnoClinic.Services.DataAccess.csproj", "{F699C317-E37D-42AD-A473-CE660C2DED6F}"
EndProject
Project("{FAE04EC0-301F-11D3-BF4B-00C04F79EFBC}") = "InnoClinic.Services.Application", "InnoClinic.Services.Application\InnoClinic.Services.Application.csproj", "{16666485-8D1D-4552-8C34-333CC41B317C}"
EndProject
Project("{FAE04EC0-301F-11D3-BF4B-00C04F79EFBC}") = "InnoClinic.Services.Infrastructure", "InnoClinic.Services.Infrastructure\InnoClinic.Services.Infrastructure.csproj", "{341DF91E-0807-4ECF-8AA4-FC610E1065F1}"
EndProject
Global
	GlobalSection(SolutionConfigurationPlatforms) = preSolution
		Debug|Any CPU = Debug|Any CPU
		Release|Any CPU = Release|Any CPU
	EndGlobalSection
	GlobalSection(ProjectConfigurationPlatforms) = postSolution
		{6B20E2A8-FE73-4B08-B07F-8E748531DF2B}.Debug|Any CPU.ActiveCfg = Debug|Any CPU
		{6B20E2A8-FE73-4B08-B07F-8E748531DF2B}.Debug|Any CPU.Build.0 = Debug|Any CPU
		{6B20E2A8-FE73-4B08-B07F-8E748531DF2B}.Release|Any CPU.ActiveCfg = Release|Any CPU
		{6B20E2A8-FE73-4B08-B07F-8E748531DF2B}.Release|Any CPU.Build.0 = Release|Any CPU
		{ED81A1C8-7714-4703-9E0B-EB2B9FB16A4D}.Debug|Any CPU.ActiveCfg = Debug|Any CPU
		{ED81A1C8-7714-4703-9E0B-EB2B9FB16A4D}.Debug|Any CPU.Build.0 = Debug|Any CPU
		{ED81A1C8-7714-4703-9E0B-EB2B9FB16A4D}.Release|Any CPU.ActiveCfg = Release|Any CPU
		{ED81A1C8-7714-4703-9E0B-EB2B9FB16A4D}.Release|Any CPU.Build.0 = Release|Any CPU
		{F699C317-E37D-42AD-A473-CE660C2DED6F}.Debug|Any CPU.ActiveCfg = Debug|Any CPU
		{F699C317-E37D-42AD-A473-CE660C2DED6F}.Debug|Any CPU.Build.0 = Debug|Any CPU
		{F699C317-E37D-42AD-A473-CE660C2DED6F}.Release|Any CPU.ActiveCfg = Release|Any CPU
		{F699C317-E37D-42AD-A473-CE660C2DED6F}.Release|Any CPU.Build.0 = Release|Any CPU
		{16666485-8D1D-4552-8C34-333CC41B317C}.Debug|Any CPU.ActiveCfg = Debug|Any CPU
		{16666485-8D1D-4552-8C34-333CC41B317C}.Debug|Any CPU.Build.0 = Debug|Any CPU
		{16666485-8D1D-4552-8C34-333CC41B317C}.Release|Any CPU.ActiveCfg = Release|Any CPU
		{16666485-8D1D-4552-8C34-333CC41B317C}.Release|Any CPU.Build.0 = Release|Any CPU
		{341DF91E-0807-4ECF-8AA4-FC610E1065F1}.Debug|Any CPU.ActiveCfg = Debug|Any CPU
		{341DF91E-0807-4ECF-8AA4-FC610E1065F1}.Debug|Any CPU.Build.0 = Debug|Any CPU
		{341DF91E-0807-4ECF-8AA4-FC610E1065F1}.Release|Any CPU.ActiveCfg = Release|Any CPU
		{341DF91E-0807-4ECF-8AA4-FC610E1065F1}.Release|Any CPU.Build.0 = Release|Any CPU
	EndGlobalSection
	GlobalSection(SolutionProperties) = preSolution
		HideSolutionNode = FALSE
	EndGlobalSection
EndGlobal
